
Microsoft Visual Studio Solution File, Format Version 12.00
# Visual Studio Version 16
VisualStudioVersion = 16.0.30804.86
MinimumVisualStudioVersion = 10.0.40219.1
Project("{FAE04EC0-301F-11D3-BF4B-00C04F79EFBC}") = "MVCDEMO", "MVCDEMO.csproj", "{1A5E866C-FCED-4EA5-A838-FD024EC28B2B}"
EndProject
Global
	GlobalSection(SolutionConfigurationPlatforms) = preSolution
		Debug|Any CPU = Debug|Any CPU
		Release|Any CPU = Release|Any CPU
	EndGlobalSection
	GlobalSection(ProjectConfigurationPlatforms) = postSolution
		{1A5E866C-FCED-4EA5-A838-FD024EC28B2B}.Debug|Any CPU.ActiveCfg = Debug|Any CPU
		{1A5E866C-FCED-4EA5-A838-FD024EC28B2B}.Debug|Any CPU.Build.0 = Debug|Any CPU
		{1A5E866C-FCED-4EA5-A838-FD024EC28B2B}.Release|Any CPU.ActiveCfg = Release|Any CPU
		{1A5E866C-FCED-4EA5-A838-FD024EC28B2B}.Release|Any CPU.Build.0 = Release|Any CPU
	EndGlobalSection
	GlobalSection(SolutionProperties) = preSolution
		HideSolutionNode = FALSE
	EndGlobalSection
	GlobalSection(ExtensibilityGlobals) = postSolution
		SolutionGuid = {65FFFF6C-B04A-4C45-9C7C-2A160D4804BF}
	EndGlobalSection
EndGlobal
